
Microsoft Visual Studio Solution File, Format Version 12.00
# Visual Studio Version 17
VisualStudioVersion = 17.5.33516.290
MinimumVisualStudioVersion = 10.0.40219.1
Project("{9A19103F-16F7-4668-BE54-9A1E7A4F7556}") = "Shop", "Shop\Shop.csproj", "{1E6A5ECA-0AEC-45A1-9F25-386C57D77668}"
EndProject
Project("{FAE04EC0-301F-11D3-BF4B-00C04F79EFBC}") = "ShopTests", "ShopTests\ShopTests.csproj", "{2E3119BC-6973-4659-B70F-87578E3929F4}"
EndProject
Global
	GlobalSection(SolutionConfigurationPlatforms) = preSolution
		Debug|Any CPU = Debug|Any CPU
		Release|Any CPU = Release|Any CPU
	EndGlobalSection
	GlobalSection(ProjectConfigurationPlatforms) = postSolution
		{1E6A5ECA-0AEC-45A1-9F25-386C57D77668}.Debug|Any CPU.ActiveCfg = Debug|Any CPU
		{1E6A5ECA-0AEC-45A1-9F25-386C57D77668}.Debug|Any CPU.Build.0 = Debug|Any CPU
		{1E6A5ECA-0AEC-45A1-9F25-386C57D77668}.Release|Any CPU.ActiveCfg = Release|Any CPU
		{1E6A5ECA-0AEC-45A1-9F25-386C57D77668}.Release|Any CPU.Build.0 = Release|Any CPU
		{2E3119BC-6973-4659-B70F-87578E3929F4}.Debug|Any CPU.ActiveCfg = Debug|Any CPU
		{2E3119BC-6973-4659-B70F-87578E3929F4}.Debug|Any CPU.Build.0 = Debug|Any CPU
		{2E3119BC-6973-4659-B70F-87578E3929F4}.Release|Any CPU.ActiveCfg = Release|Any CPU
		{2E3119BC-6973-4659-B70F-87578E3929F4}.Release|Any CPU.Build.0 = Release|Any CPU
	EndGlobalSection
	GlobalSection(SolutionProperties) = preSolution
		HideSolutionNode = FALSE
	EndGlobalSection
	GlobalSection(ExtensibilityGlobals) = postSolution
		SolutionGuid = {A6CC7EE2-6FF8-45E7-A433-92FCABABB342}
	EndGlobalSection
EndGlobal
